// !$*UTF8*$!
{
	archiveVersion = 1;
	classes = {
	};
	objectVersion = 46;
	objects = {

/* Begin PBXBuildFile section */
		34B30A9A19F1E7DC00F1B512 /* AppDelegate.swift in Sources */ = {isa = PBXBuildFile; fileRef = 34B30A9919F1E7DC00F1B512 /* AppDelegate.swift */; };
		34B30A9C19F1E7DC00F1B512 /* Images.xcassets in Resources */ = {isa = PBXBuildFile; fileRef = 34B30A9B19F1E7DC00F1B512 /* Images.xcassets */; };
		34B30A9F19F1E7DC00F1B512 /* MainMenu.xib in Resources */ = {isa = PBXBuildFile; fileRef = 34B30A9D19F1E7DC00F1B512 /* MainMenu.xib */; };
		34B30AAB19F1E7DC00F1B512 /* PtorRunnerTests.swift in Sources */ = {isa = PBXBuildFile; fileRef = 34B30AAA19F1E7DC00F1B512 /* PtorRunnerTests.swift */; };
/* End PBXBuildFile section */

/* Begin PBXContainerItemProxy section */
		34B30AA519F1E7DC00F1B512 /* PBXContainerItemProxy */ = {
			isa = PBXContainerItemProxy;
			containerPortal = 34B30A8C19F1E7DC00F1B512 /* Project object */;
			proxyType = 1;
			remoteGlobalIDString = 34B30A9319F1E7DC00F1B512;
			remoteInfo = PtorRunner;
		};
/* End PBXContainerItemProxy section */

/* Begin PBXFileReference section */
		34B30A9419F1E7DC00F1B512 /* PtorRunner.app */ = {isa = PBXFileReference; explicitFileType = wrapper.application; includeInIndex = 0; path = PtorRunner.app; sourceTree = BUILT_PRODUCTS_DIR; };
		34B30A9819F1E7DC00F1B512 /* Info.plist */ = {isa = PBXFileReference; lastKnownFileType = text.plist.xml; path = Info.plist; sourceTree = "<group>"; };
		34B30A9919F1E7DC00F1B512 /* AppDelegate.swift */ = {isa = PBXFileReference; lastKnownFileType = sourcecode.swift; path = AppDelegate.swift; sourceTree = "<group>"; };
		34B30A9B19F1E7DC00F1B512 /* Images.xcassets */ = {isa = PBXFileReference; lastKnownFileType = folder.assetcatalog; path = Images.xcassets; sourceTree = "<group>"; };
		34B30A9E19F1E7DC00F1B512 /* Base */ = {isa = PBXFileReference; lastKnownFileType = file.xib; name = Base; path = Base.lproj/MainMenu.xib; sourceTree = "<group>"; };
		34B30AA419F1E7DC00F1B512 /* PtorRunnerTests.xctest */ = {isa = PBXFileReference; explicitFileType = wrapper.cfbundle; includeInIndex = 0; path = PtorRunnerTests.xctest; sourceTree = BUILT_PRODUCTS_DIR; };
		34B30AA919F1E7DC00F1B512 /* Info.plist */ = {isa = PBXFileReference; lastKnownFileType = text.plist.xml; path = Info.plist; sourceTree = "<group>"; };
		34B30AAA19F1E7DC00F1B512 /* PtorRunnerTests.swift */ = {isa = PBXFileReference; lastKnownFileType = sourcecode.swift; path = PtorRunnerTests.swift; sourceTree = "<group>"; };
/* End PBXFileReference section */

/* Begin PBXFrameworksBuildPhase section */
		34B30A9119F1E7DC00F1B512 /* Frameworks */ = {
			isa = PBXFrameworksBuildPhase;
			buildActionMask = 2147483647;
			files = (
			);
			runOnlyForDeploymentPostprocessing = 0;
		};
		34B30AA119F1E7DC00F1B512 /* Frameworks */ = {
			isa = PBXFrameworksBuildPhase;
			buildActionMask = 2147483647;
			files = (
			);
			runOnlyForDeploymentPostprocessing = 0;
		};
/* End PBXFrameworksBuildPhase section */

/* Begin PBXGroup section */
		34B30A8B19F1E7DC00F1B512 = {
			isa = PBXGroup;
			children = (
				34B30A9619F1E7DC00F1B512 /* PtorRunner */,
				34B30AA719F1E7DC00F1B512 /* PtorRunnerTests */,
				34B30A9519F1E7DC00F1B512 /* Products */,
			);
			sourceTree = "<group>";
		};
		34B30A9519F1E7DC00F1B512 /* Products */ = {
			isa = PBXGroup;
			children = (
				34B30A9419F1E7DC00F1B512 /* PtorRunner.app */,
				34B30AA419F1E7DC00F1B512 /* PtorRunnerTests.xctest */,
			);
			name = Products;
			sourceTree = "<group>";
		};
		34B30A9619F1E7DC00F1B512 /* PtorRunner */ = {
			isa = PBXGroup;
			children = (
				34B30A9919F1E7DC00F1B512 /* AppDelegate.swift */,
				34B30A9B19F1E7DC00F1B512 /* Images.xcassets */,
				34B30A9D19F1E7DC00F1B512 /* MainMenu.xib */,
				34B30A9719F1E7DC00F1B512 /* Supporting Files */,
			);
			path = PtorRunner;
			sourceTree = "<group>";
		};
		34B30A9719F1E7DC00F1B512 /* Supporting Files */ = {
			isa = PBXGroup;
			children = (
				34B30A9819F1E7DC00F1B512 /* Info.plist */,
			);
			name = "Supporting Files";
			sourceTree = "<group>";
		};
		34B30AA719F1E7DC00F1B512 /* PtorRunnerTests */ = {
			isa = PBXGroup;
			children = (
				34B30AAA19F1E7DC00F1B512 /* PtorRunnerTests.swift */,
				34B30AA819F1E7DC00F1B512 /* Supporting Files */,
			);
			path = PtorRunnerTests;
			sourceTree = "<group>";
		};
		34B30AA819F1E7DC00F1B512 /* Supporting Files */ = {
			isa = PBXGroup;
			children = (
				34B30AA919F1E7DC00F1B512 /* Info.plist */,
			);
			name = "Supporting Files";
			sourceTree = "<group>";
		};
/* End PBXGroup section */

/* Begin PBXNativeTarget section */
		34B30A9319F1E7DC00F1B512 /* PtorRunner */ = {
			isa = PBXNativeTarget;
			buildConfigurationList = 34B30AAE19F1E7DC00F1B512 /* Build configuration list for PBXNativeTarget "PtorRunner" */;
			buildPhases = (
				34B30A9019F1E7DC00F1B512 /* Sources */,
				34B30A9119F1E7DC00F1B512 /* Frameworks */,
				34B30A9219F1E7DC00F1B512 /* Resources */,
			);
			buildRules = (
			);
			dependencies = (
			);
			name = PtorRunner;
			productName = PtorRunner;
			productReference = 34B30A9419F1E7DC00F1B512 /* PtorRunner.app */;
			productType = "com.apple.product-type.application";
		};
		34B30AA319F1E7DC00F1B512 /* PtorRunnerTests */ = {
			isa = PBXNativeTarget;
			buildConfigurationList = 34B30AB119F1E7DC00F1B512 /* Build configuration list for PBXNativeTarget "PtorRunnerTests" */;
			buildPhases = (
				34B30AA019F1E7DC00F1B512 /* Sources */,
				34B30AA119F1E7DC00F1B512 /* Frameworks */,
				34B30AA219F1E7DC00F1B512 /* Resources */,
			);
			buildRules = (
			);
			dependencies = (
				34B30AA619F1E7DC00F1B512 /* PBXTargetDependency */,
			);
			name = PtorRunnerTests;
			productName = PtorRunnerTests;
			productReference = 34B30AA419F1E7DC00F1B512 /* PtorRunnerTests.xctest */;
			productType = "com.apple.product-type.bundle.unit-test";
		};
/* End PBXNativeTarget section */

/* Begin PBXProject section */
		34B30A8C19F1E7DC00F1B512 /* Project object */ = {
			isa = PBXProject;
			attributes = {
				LastUpgradeCheck = 0610;
				ORGANIZATIONNAME = "Mark Grossman";
				TargetAttributes = {
					34B30A9319F1E7DC00F1B512 = {
						CreatedOnToolsVersion = 6.1;
					};
					34B30AA319F1E7DC00F1B512 = {
						CreatedOnToolsVersion = 6.1;
						TestTargetID = 34B30A9319F1E7DC00F1B512;
					};
				};
			};
			buildConfigurationList = 34B30A8F19F1E7DC00F1B512 /* Build configuration list for PBXProject "PtorRunner" */;
			compatibilityVersion = "Xcode 3.2";
			developmentRegion = English;
			hasScannedForEncodings = 0;
			knownRegions = (
				en,
				Base,
			);
			mainGroup = 34B30A8B19F1E7DC00F1B512;
			productRefGroup = 34B30A9519F1E7DC00F1B512 /* Products */;
			projectDirPath = "";
			projectRoot = "";
			targets = (
				34B30A9319F1E7DC00F1B512 /* PtorRunner */,
				34B30AA319F1E7DC00F1B512 /* PtorRunnerTests */,
			);
		};
/* End PBXProject section */

/* Begin PBXResourcesBuildPhase section */
		34B30A9219F1E7DC00F1B512 /* Resources */ = {
			isa = PBXResourcesBuildPhase;
			buildActionMask = 2147483647;
			files = (
				34B30A9C19F1E7DC00F1B512 /* Images.xcassets in Resources */,
				34B30A9F19F1E7DC00F1B512 /* MainMenu.xib in Resources */,
			);
			runOnlyForDeploymentPostprocessing = 0;
		};
		34B30AA219F1E7DC00F1B512 /* Resources */ = {
			isa = PBXResourcesBuildPhase;
			buildActionMask = 2147483647;
			files = (
			);
			runOnlyForDeploymentPostprocessing = 0;
		};
/* End PBXResourcesBuildPhase section */

/* Begin PBXSourcesBuildPhase section */
		34B30A9019F1E7DC00F1B512 /* Sources */ = {
			isa = PBXSourcesBuildPhase;
			buildActionMask = 2147483647;
			files = (
				34B30A9A19F1E7DC00F1B512 /* AppDelegate.swift in Sources */,
			);
			runOnlyForDeploymentPostprocessing = 0;
		};
		34B30AA019F1E7DC00F1B512 /* Sources */ = {
			isa = PBXSourcesBuildPhase;
			buildActionMask = 2147483647;
			files = (
				34B30AAB19F1E7DC00F1B512 /* PtorRunnerTests.swift in Sources */,
			);
			runOnlyForDeploymentPostprocessing = 0;
		};
/* End PBXSourcesBuildPhase section */

/* Begin PBXTargetDependency section */
		34B30AA619F1E7DC00F1B512 /* PBXTargetDependency */ = {
			isa = PBXTargetDependency;
			target = 34B30A9319F1E7DC00F1B512 /* PtorRunner */;
			targetProxy = 34B30AA519F1E7DC00F1B512 /* PBXContainerItemProxy */;
		};
/* End PBXTargetDependency section */

/* Begin PBXVariantGroup section */
		34B30A9D19F1E7DC00F1B512 /* MainMenu.xib */ = {
			isa = PBXVariantGroup;
			children = (
				34B30A9E19F1E7DC00F1B512 /* Base */,
			);
			name = MainMenu.xib;
			sourceTree = "<group>";
		};
/* End PBXVariantGroup section */

/* Begin XCBuildConfiguration section */
		34B30AAC19F1E7DC00F1B512 /* Debug */ = {
			isa = XCBuildConfiguration;
			buildSettings = {
				ALWAYS_SEARCH_USER_PATHS = NO;
				CLANG_CXX_LANGUAGE_STANDARD = "gnu++0x";
				CLANG_CXX_LIBRARY = "libc++";
				CLANG_ENABLE_MODULES = YES;
				CLANG_ENABLE_OBJC_ARC = YES;
				CLANG_WARN_BOOL_CONVERSION = YES;
				CLANG_WARN_CONSTANT_CONVERSION = YES;
				CLANG_WARN_DIRECT_OBJC_ISA_USAGE = YES_ERROR;
				CLANG_WARN_EMPTY_BODY = YES;
				CLANG_WARN_ENUM_CONVERSION = YES;
				CLANG_WARN_INT_CONVERSION = YES;
				CLANG_WARN_OBJC_ROOT_CLASS = YES_ERROR;
				CLANG_WARN_UNREACHABLE_CODE = YES;
				CLANG_WARN__DUPLICATE_METHOD_MATCH = YES;
				CODE_SIGN_IDENTITY = "-";
				COPY_PHASE_STRIP = NO;
				ENABLE_STRICT_OBJC_MSGSEND = YES;
				GCC_C_LANGUAGE_STANDARD = gnu99;
				GCC_DYNAMIC_NO_PIC = NO;
				GCC_OPTIMIZATION_LEVEL = 0;
				GCC_PREPROCESSOR_DEFINITIONS = (
					"DEBUG=1",
					"$(inherited)",
				);
				GCC_SYMBOLS_PRIVATE_EXTERN = NO;
				GCC_WARN_64_TO_32_BIT_CONVERSION = YES;
				GCC_WARN_ABOUT_RETURN_TYPE = YES_ERROR;
				GCC_WARN_UNDECLARED_SELECTOR = YES;
				GCC_WARN_UNINITIALIZED_AUTOS = YES_AGGRESSIVE;
				GCC_WARN_UNUSED_FUNCTION = YES;
				GCC_WARN_UNUSED_VARIABLE = YES;
				MACOSX_DEPLOYMENT_TARGET = 10.9;
				MTL_ENABLE_DEBUG_INFO = YES;
				ONLY_ACTIVE_ARCH = YES;
				SDKROOT = macosx;
				SWIFT_OPTIMIZATION_LEVEL = "-Onone";
			};
			name = Debug;
		};
		34B30AAD19F1E7DC00F1B512 /* Release */ = {
			isa = XCBuildConfiguration;
			buildSettings = {
				ALWAYS_SEARCH_USER_PATHS = NO;
				CLANG_CXX_LANGUAGE_STANDARD = "gnu++0x";
				CLANG_CXX_LIBRARY = "libc++";
				CLANG_ENABLE_MODULES = YES;
				CLANG_ENABLE_OBJC_ARC = YES;
				CLANG_WARN_BOOL_CONVERSION = YES;
				CLANG_WARN_CONSTANT_CONVERSION = YES;
				CLANG_WARN_DIRECT_OBJC_ISA_USAGE = YES_ERROR;
				CLANG_WARN_EMPTY_BODY = YES;
				CLANG_WARN_ENUM_CONVERSION = YES;
				CLANG_WARN_INT_CONVERSION = YES;
				CLANG_WARN_OBJC_ROOT_CLASS = YES_ERROR;
				CLANG_WARN_UNREACHABLE_CODE = YES;
				CLANG_WARN__DUPLICATE_METHOD_MATCH = YES;
				CODE_SIGN_IDENTITY = "-";
				COPY_PHASE_STRIP = YES;
				DEBUG_INFORMATION_FORMAT = "dwarf-with-dsym";
				ENABLE_NS_ASSERTIONS = NO;
				ENABLE_STRICT_OBJC_MSGSEND = YES;
				GCC_C_LANGUAGE_STANDARD = gnu99;
				GCC_WARN_64_TO_32_BIT_CONVERSION = YES;
				GCC_WARN_ABOUT_RETURN_TYPE = YES_ERROR;
				GCC_WARN_UNDECLARED_SELECTOR = YES;
				GCC_WARN_UNINITIALIZED_AUTOS = YES_AGGRESSIVE;
				GCC_WARN_UNUSED_FUNCTION = YES;
				GCC_WARN_UNUSED_VARIABLE = YES;
				MACOSX_DEPLOYMENT_TARGET = 10.9;
				MTL_ENABLE_DEBUG_INFO = NO;
				SDKROOT = macosx;
			};
			name = Release;
		};
		34B30AAF19F1E7DC00F1B512 /* Debug */ = {
			isa = XCBuildConfiguration;
			buildSettings = {
				ASSETCATALOG_COMPILER_APPICON_NAME = AppIcon;
				COMBINE_HIDPI_IMAGES = YES;
				INFOPLIST_FILE = PtorRunner/Info.plist;
				LD_RUNPATH_SEARCH_PATHS = "$(inherited) @executable_path/../Frameworks";
				PRODUCT_NAME = "$(TARGET_NAME)";
			};
			name = Debug;
		};
		34B30AB019F1E7DC00F1B512 /* Release */ = {
			isa = XCBuildConfiguration;
			buildSettings = {
				ASSETCATALOG_COMPILER_APPICON_NAME = AppIcon;
				COMBINE_HIDPI_IMAGES = YES;
				INFOPLIST_FILE = PtorRunner/Info.plist;
				LD_RUNPATH_SEARCH_PATHS = "$(inherited) @executable_path/../Frameworks";
				PRODUCT_NAME = "$(TARGET_NAME)";
			};
			name = Release;
		};
		34B30AB219F1E7DC00F1B512 /* Debug */ = {
			isa = XCBuildConfiguration;
			buildSettings = {
				BUNDLE_LOADER = "$(TEST_HOST)";
				COMBINE_HIDPI_IMAGES = YES;
				FRAMEWORK_SEARCH_PATHS = (
					"$(DEVELOPER_FRAMEWORKS_DIR)",
					"$(inherited)",
				);
				GCC_PREPROCESSOR_DEFINITIONS = (
					"DEBUG=1",
					"$(inherited)",
				);
				INFOPLIST_FILE = PtorRunnerTests/Info.plist;
				LD_RUNPATH_SEARCH_PATHS = "$(inherited) @executable_path/../Frameworks @loader_path/../Frameworks";
				PRODUCT_NAME = "$(TARGET_NAME)";
				TEST_HOST = "$(BUILT_PRODUCTS_DIR)/PtorRunner.app/Contents/MacOS/PtorRunner";
			};
			name = Debug;
		};
		34B30AB319F1E7DC00F1B512 /* Release */ = {
			isa = XCBuildConfiguration;
			buildSettings = {
				BUNDLE_LOADER = "$(TEST_HOST)";
				COMBINE_HIDPI_IMAGES = YES;
				FRAMEWORK_SEARCH_PATHS = (
					"$(DEVELOPER_FRAMEWORKS_DIR)",
					"$(inherited)",
				);
				INFOPLIST_FILE = PtorRunnerTests/Info.plist;
				LD_RUNPATH_SEARCH_PATHS = "$(inherited) @executable_path/../Frameworks @loader_path/../Frameworks";
				PRODUCT_NAME = "$(TARGET_NAME)";
				TEST_HOST = "$(BUILT_PRODUCTS_DIR)/PtorRunner.app/Contents/MacOS/PtorRunner";
			};
			name = Release;
		};
/* End XCBuildConfiguration section */

/* Begin XCConfigurationList section */
		34B30A8F19F1E7DC00F1B512 /* Build configuration list for PBXProject "PtorRunner" */ = {
			isa = XCConfigurationList;
			buildConfigurations = (
				34B30AAC19F1E7DC00F1B512 /* Debug */,
				34B30AAD19F1E7DC00F1B512 /* Release */,
			);
			defaultConfigurationIsVisible = 0;
			defaultConfigurationName = Release;
		};
		34B30AAE19F1E7DC00F1B512 /* Build configuration list for PBXNativeTarget "PtorRunner" */ = {
			isa = XCConfigurationList;
			buildConfigurations = (
				34B30AAF19F1E7DC00F1B512 /* Debug */,
				34B30AB019F1E7DC00F1B512 /* Release */,
			);
			defaultConfigurationIsVisible = 0;
		};
		34B30AB119F1E7DC00F1B512 /* Build configuration list for PBXNativeTarget "PtorRunnerTests" */ = {
			isa = XCConfigurationList;
			buildConfigurations = (
				34B30AB219F1E7DC00F1B512 /* Debug */,
				34B30AB319F1E7DC00F1B512 /* Release */,
			);
			defaultConfigurationIsVisible = 0;
		};
/* End XCConfigurationList section */
	};
	rootObject = 34B30A8C19F1E7DC00F1B512 /* Project object */;
}
